{
<<<<<<< HEAD
  "requires": true,
  "lockfileVersion": 1,
=======
  "name": "engagement",
  "version": "1.0.0",
  "lockfileVersion": 1,
  "requires": true,
>>>>>>> bbda33764a1ab74e89317284674073f09d768f47
  "dependencies": {
    "nodemailer": {
      "version": "6.7.5",
      "resolved": "https://registry.npmjs.org/nodemailer/-/nodemailer-6.7.5.tgz",
      "integrity": "sha512-6VtMpwhsrixq1HDYSBBHvW0GwiWawE75dS3oal48VqRhUvKJNnKnJo2RI/bCVQubj1vgrgscMNW4DHaD6xtMCg=="
    }
  }
}
